<?xml version="1.0" encoding="utf-8"?>
<Project ToolsVersion="4.0" xmlns="http://schemas.microsoft.com/developer/msbuild/2003">
  <ItemGroup>
    <Filter Include="Passes">
      <UniqueIdentifier>{8336a679-c276-4c05-8387-97a6c31d5b3f}</UniqueIdentifier>
    </Filter>
    <Filter Include="SharedUtils">
      <UniqueIdentifier>{bc5c51cd-fdc7-496f-bf8b-b3254a077087}</UniqueIdentifier>
    </Filter>
    <Filter Include="Shaders">
      <UniqueIdentifier>{e31f7ef0-070d-4186-a05d-83d24a5ad6dc}</UniqueIdentifier>
    </Filter>
    <Filter Include="CommonPasses">
      <UniqueIdentifier>{c3250be7-9aac-4acc-b735-f3b94915b932}</UniqueIdentifier>
    </Filter>
    <Filter Include="Shaders\BMFR">
      <UniqueIdentifier>{c83874ce-3b1f-404f-97fa-da5970797d66}</UniqueIdentifier>
    </Filter>
    <Filter Include="Shaders\BDPT">
      <UniqueIdentifier>{73a5b809-7ec4-49b0-a509-5fe21caab734}</UniqueIdentifier>
    </Filter>
    <Filter Include="Shaders\Materials">
      <UniqueIdentifier>{51075c7d-779f-43d6-8e8d-528f0b689d1c}</UniqueIdentifier>
    </Filter>
  </ItemGroup>
  <ItemGroup>
    <ClInclude Include="..\SharedUtils\RenderingPipeline.h">
      <Filter>SharedUtils</Filter>
    </ClInclude>
    <ClInclude Include="..\SharedUtils\ResourceManager.h">
      <Filter>SharedUtils</Filter>
    </ClInclude>
    <ClInclude Include="..\SharedUtils\SceneLoaderWrapper.h">
      <Filter>SharedUtils</Filter>
    </ClInclude>
    <ClInclude Include="..\SharedUtils\SimpleVars.h">
      <Filter>SharedUtils</Filter>
    </ClInclude>
    <ClInclude Include="..\CommonPasses\SimpleAccumulationPass.h">
      <Filter>CommonPasses</Filter>
    </ClInclude>
    <ClInclude Include="..\CommonPasses\LightProbeGBufferPass.h">
      <Filter>CommonPasses</Filter>
    </ClInclude>
    <ClInclude Include="..\CommonPasses\SimpleDiffuseGIPass.h">
      <Filter>CommonPasses</Filter>
    </ClInclude>
    <ClInclude Include="..\CommonPasses\SimpleToneMappingPass.h">
      <Filter>CommonPasses</Filter>
    </ClInclude>
    <ClInclude Include="..\SharedUtils\FullscreenLaunch.h">
      <Filter>SharedUtils</Filter>
    </ClInclude>
    <ClInclude Include="..\SharedUtils\RayLaunch.h">
      <Filter>SharedUtils</Filter>
    </ClInclude>
    <ClInclude Include="..\SharedUtils\RenderPass.h">
      <Filter>SharedUtils</Filter>
    </ClInclude>
    <ClInclude Include="..\CommonPasses\CopyToOutputPass.h">
      <Filter>CommonPasses</Filter>
    </ClInclude>
    <ClInclude Include="Passes\BDPTPass.h">
      <Filter>Passes</Filter>
    </ClInclude>
    <ClInclude Include="Passes\DenoisePass.h">
      <Filter>Passes</Filter>
    </ClInclude>
  </ItemGroup>
  <ItemGroup>
    <ClCompile Include="..\SharedUtils\RenderingPipeline.cpp">
      <Filter>SharedUtils</Filter>
    </ClCompile>
    <ClCompile Include="..\SharedUtils\ResourceManager.cpp">
      <Filter>SharedUtils</Filter>
    </ClCompile>
    <ClCompile Include="..\SharedUtils\SceneLoaderWrapper.cpp">
      <Filter>SharedUtils</Filter>
    </ClCompile>
    <ClCompile Include="..\SharedUtils\SimpleVars.cpp">
      <Filter>SharedUtils</Filter>
    </ClCompile>
    <ClCompile Include="..\CommonPasses\SimpleAccumulationPass.cpp">
      <Filter>CommonPasses</Filter>
    </ClCompile>
    <ClCompile Include="..\CommonPasses\LightProbeGBufferPass.cpp">
      <Filter>CommonPasses</Filter>
    </ClCompile>
    <ClCompile Include="..\CommonPasses\SimpleDiffuseGIPass.cpp">
      <Filter>CommonPasses</Filter>
    </ClCompile>
    <ClCompile Include="..\CommonPasses\SimpleToneMappingPass.cpp">
      <Filter>CommonPasses</Filter>
    </ClCompile>
    <ClCompile Include="..\SharedUtils\FullscreenLaunch.cpp">
      <Filter>SharedUtils</Filter>
    </ClCompile>
    <ClCompile Include="..\SharedUtils\RayLaunch.cpp">
      <Filter>SharedUtils</Filter>
    </ClCompile>
    <ClCompile Include="..\SharedUtils\RenderPass.cpp">
      <Filter>SharedUtils</Filter>
    </ClCompile>
    <ClCompile Include="..\CommonPasses\CopyToOutputPass.cpp">
      <Filter>CommonPasses</Filter>
    </ClCompile>
    <ClCompile Include="Main.cpp" />
    <ClCompile Include="Passes\BDPTPass.cpp">
      <Filter>Passes</Filter>
    </ClCompile>
    <ClCompile Include="Passes\DenoisePass.cpp">
      <Filter>Passes</Filter>
    </ClCompile>
  </ItemGroup>
  <ItemGroup>
    <None Include="Data\bmfrDenoise.ps.hlsl">
      <Filter>Shaders\BMFR</Filter>
    </None>
    <None Include="Data\postprocess.ps.hlsl">
      <Filter>Shaders\BMFR</Filter>
    </None>
    <None Include="Data\preprocess.ps.hlsl">
      <Filter>Shaders\BMFR</Filter>
    </None>
    <None Include="Data\regressionCP.hlsl">
      <Filter>Shaders\BMFR</Filter>
    </None>
    <None Include="Data\BDPTMain.rt.hlsl">
      <Filter>Shaders\BDPT</Filter>
    </None>
    <None Include="Data\BDPTUtils.hlsli">
      <Filter>Shaders\BDPT</Filter>
    </None>
    <None Include="Data\globalIlluminationRay.hlsli">
      <Filter>Shaders\BDPT</Filter>
    </None>
    <None Include="Data\standardShadowRay.hlsli">
      <Filter>Shaders\BDPT</Filter>
    </None>
    <None Include="Data\MaterialUtils.hlsli">
      <Filter>Shaders\Materials</Filter>
    </None>
    <None Include="Data\RayPathData.hlsli">
      <Filter>Shaders\BDPT</Filter>
    </None>
    <None Include="Data\BRDFUtils.hlsli">
      <Filter>Shaders\Materials</Filter>
    </None>
  </ItemGroup>
</Project>